
Microsoft Visual Studio Solution File, Format Version 12.00
# Visual Studio Version 16
VisualStudioVersion = 16.0.30804.86
MinimumVisualStudioVersion = 10.0.40219.1
Project("{FAE04EC0-301F-11D3-BF4B-00C04F79EFBC}") = "TrustedCaptain", "TrustedCaptain\TrustedCaptain.csproj", "{715C92DD-5175-4BBE-A266-CB87CB409815}"
EndProject
Global
	GlobalSection(SolutionConfigurationPlatforms) = preSolution
		Debug|Any CPU = Debug|Any CPU
		Release|Any CPU = Release|Any CPU
	EndGlobalSection
	GlobalSection(ProjectConfigurationPlatforms) = postSolution
		{715C92DD-5175-4BBE-A266-CB87CB409815}.Debug|Any CPU.ActiveCfg = Debug|Any CPU
		{715C92DD-5175-4BBE-A266-CB87CB409815}.Debug|Any CPU.Build.0 = Debug|Any CPU
		{715C92DD-5175-4BBE-A266-CB87CB409815}.Release|Any CPU.ActiveCfg = Release|Any CPU
		{715C92DD-5175-4BBE-A266-CB87CB409815}.Release|Any CPU.Build.0 = Release|Any CPU
	EndGlobalSection
	GlobalSection(SolutionProperties) = preSolution
		HideSolutionNode = FALSE
	EndGlobalSection
	GlobalSection(ExtensibilityGlobals) = postSolution
		SolutionGuid = {19222CAC-72FE-46A5-8828-8F844CE311BA}
	EndGlobalSection
EndGlobal
